
Microsoft Visual Studio Solution File, Format Version 12.00
# Visual Studio Version 16
VisualStudioVersion = 16.0.32126.315
MinimumVisualStudioVersion = 10.0.40219.1
Project("{FAE04EC0-301F-11D3-BF4B-00C04F79EFBC}") = "u21529664_HW06", "u21529664_HW06.csproj", "{60982CF0-4794-4AD1-ACFF-E41DF062518E}"
EndProject
Global
	GlobalSection(SolutionConfigurationPlatforms) = preSolution
		Debug|Any CPU = Debug|Any CPU
		Release|Any CPU = Release|Any CPU
	EndGlobalSection
	GlobalSection(ProjectConfigurationPlatforms) = postSolution
		{60982CF0-4794-4AD1-ACFF-E41DF062518E}.Debug|Any CPU.ActiveCfg = Debug|Any CPU
		{60982CF0-4794-4AD1-ACFF-E41DF062518E}.Debug|Any CPU.Build.0 = Debug|Any CPU
		{60982CF0-4794-4AD1-ACFF-E41DF062518E}.Release|Any CPU.ActiveCfg = Release|Any CPU
		{60982CF0-4794-4AD1-ACFF-E41DF062518E}.Release|Any CPU.Build.0 = Release|Any CPU
	EndGlobalSection
	GlobalSection(SolutionProperties) = preSolution
		HideSolutionNode = FALSE
	EndGlobalSection
	GlobalSection(ExtensibilityGlobals) = postSolution
		SolutionGuid = {A1FFD64A-3EF4-4B44-ABAB-A8C0EF107E59}
	EndGlobalSection
EndGlobal
